
Microsoft Visual Studio Solution File, Format Version 12.00
# Visual Studio Version 16
VisualStudioVersion = 16.0.30907.101
MinimumVisualStudioVersion = 10.0.40219.1
Project("{FAE04EC0-301F-11D3-BF4B-00C04F79EFBC}") = "webapplication", "webapplication\webapplication.csproj", "{ACC8198D-3B01-42E6-8A96-879BC4AF6196}"
EndProject
Global
	GlobalSection(SolutionConfigurationPlatforms) = preSolution
		Debug|Any CPU = Debug|Any CPU
		Release|Any CPU = Release|Any CPU
	EndGlobalSection
	GlobalSection(ProjectConfigurationPlatforms) = postSolution
		{ACC8198D-3B01-42E6-8A96-879BC4AF6196}.Debug|Any CPU.ActiveCfg = Debug|Any CPU
		{ACC8198D-3B01-42E6-8A96-879BC4AF6196}.Debug|Any CPU.Build.0 = Debug|Any CPU
		{ACC8198D-3B01-42E6-8A96-879BC4AF6196}.Release|Any CPU.ActiveCfg = Release|Any CPU
		{ACC8198D-3B01-42E6-8A96-879BC4AF6196}.Release|Any CPU.Build.0 = Release|Any CPU
	EndGlobalSection
	GlobalSection(SolutionProperties) = preSolution
		HideSolutionNode = FALSE
	EndGlobalSection
	GlobalSection(ExtensibilityGlobals) = postSolution
		SolutionGuid = {D5872CF0-3D3E-49AC-BE06-92C7E1332487}
	EndGlobalSection
EndGlobal
